{
  "name": "compete-js",
  "version": "0.0.1",
  "lockfileVersion": 1,
  "dependencies": {
    "type-mark": {
      "version": "2.0.0",
      "resolved": "https://registry.npmjs.org/type-mark/-/type-mark-2.0.0.tgz",
      "integrity": "sha512-DcaPcLDK3SZXInwK2vmY+7Rg4HDHM1GuLOoyd2qqnUdmuXkrJnCHKsx1ME4Ss70qIpgOlyCx1j97d+yELehoSA=="
    }
  }
}
